
Microsoft Visual Studio Solution File, Format Version 12.00
# Visual Studio Version 17
VisualStudioVersion = 17.2.32616.157
MinimumVisualStudioVersion = 10.0.40219.1
Project("{FAE04EC0-301F-11D3-BF4B-00C04F79EFBC}") = "Task4.5", "Task4.5\Task4.5.csproj", "{B2C24B38-5EDF-4D58-B9CB-69D1985D535A}"
EndProject
Global
	GlobalSection(SolutionConfigurationPlatforms) = preSolution
		Debug|Any CPU = Debug|Any CPU
		Release|Any CPU = Release|Any CPU
	EndGlobalSection
	GlobalSection(ProjectConfigurationPlatforms) = postSolution
		{B2C24B38-5EDF-4D58-B9CB-69D1985D535A}.Debug|Any CPU.ActiveCfg = Debug|Any CPU
		{B2C24B38-5EDF-4D58-B9CB-69D1985D535A}.Debug|Any CPU.Build.0 = Debug|Any CPU
		{B2C24B38-5EDF-4D58-B9CB-69D1985D535A}.Release|Any CPU.ActiveCfg = Release|Any CPU
		{B2C24B38-5EDF-4D58-B9CB-69D1985D535A}.Release|Any CPU.Build.0 = Release|Any CPU
	EndGlobalSection
	GlobalSection(SolutionProperties) = preSolution
		HideSolutionNode = FALSE
	EndGlobalSection
	GlobalSection(ExtensibilityGlobals) = postSolution
		SolutionGuid = {2F628822-4568-4D4C-92FE-D3C0DA091664}
	EndGlobalSection
EndGlobal
